// !$*UTF8*$!
{
	archiveVersion = 1;
	classes = {
	};
	objectVersion = 77;
	objects = {

/* Begin PBXBuildFile section */
		D6CDC20B2F931BB600CE86DC /* ReviewSession.swift in Sources */ = {isa = PBXBuildFile; fileRef = D6CDC1FC2F931BB600CE86DC /* ReviewSession.swift */; };
		D6CDC20C2F931BB600CE86DC /* ReviewEditViewModel.swift in Sources */ = {isa = PBXBuildFile; fileRef = D6CDC1F82F931BB600CE86DC /* ReviewEditViewModel.swift */; };
		D6CDC20D2F931BB600CE86DC /* SavedRecordsListViewModel.swift in Sources */ = {isa = PBXBuildFile; fileRef = D6CDC1F52F931BB600CE86DC /* SavedRecordsListViewModel.swift */; };
		D6CDC20E2F931BB600CE86DC /* RecordModels.swift in Sources */ = {isa = PBXBuildFile; fileRef = D6CDC1FB2F931BB600CE86DC /* RecordModels.swift */; };
		D6CDC20F2F931BB600CE86DC /* CoreDataStack.swift in Sources */ = {isa = PBXBuildFile; fileRef = D6CDC1FE2F931BB600CE86DC /* CoreDataStack.swift */; };
		D6CDC2102F931BB600CE86DC /* RecordRepository.swift in Sources */ = {isa = PBXBuildFile; fileRef = D6CDC1FF2F931BB600CE86DC /* RecordRepository.swift */; };
		D6CDC2112F931BB600CE86DC /* AppLogger.swift in Sources */ = {isa = PBXBuildFile; fileRef = D6CDC2082F931BB600CE86DC /* AppLogger.swift */; };
		D6CDC2122F931BB600CE86DC /* CaptureView.swift in Sources */ = {isa = PBXBuildFile; fileRef = D6CDC1F02F931BB600CE86DC /* CaptureView.swift */; };
		D6CDC2132F931BB600CE86DC /* RecordJacketCatalogApp.swift in Sources */ = {isa = PBXBuildFile; fileRef = D6CDC1EC2F931BB600CE86DC /* RecordJacketCatalogApp.swift */; };
		D6CDC2142F931BB600CE86DC /* DiscogsLookupService.swift in Sources */ = {isa = PBXBuildFile; fileRef = D6CDC2032F931BB600CE86DC /* DiscogsLookupService.swift */; };
		D6CDC2152F931BB600CE86DC /* CaptureViewModel.swift in Sources */ = {isa = PBXBuildFile; fileRef = D6CDC1F12F931BB600CE86DC /* CaptureViewModel.swift */; };
		D6CDC2162F931BB600CE86DC /* ReviewEditView.swift in Sources */ = {isa = PBXBuildFile; fileRef = D6CDC1F72F931BB600CE86DC /* ReviewEditView.swift */; };
		D6CDC2172F931BB600CE86DC /* OCRService.swift in Sources */ = {isa = PBXBuildFile; fileRef = D6CDC2052F931BB600CE86DC /* OCRService.swift */; };
		D6CDC2182F931BB600CE86DC /* SavedRecordsListView.swift in Sources */ = {isa = PBXBuildFile; fileRef = D6CDC1F42F931BB600CE86DC /* SavedRecordsListView.swift */; };
		D6CDC2192F931BB600CE86DC /* RootTabView.swift in Sources */ = {isa = PBXBuildFile; fileRef = D6CDC1ED2F931BB600CE86DC /* RootTabView.swift */; };
		D6CDC21A2F931BB600CE86DC /* CameraService.swift in Sources */ = {isa = PBXBuildFile; fileRef = D6CDC2012F931BB600CE86DC /* CameraService.swift */; };
		D6CDC21B2F931BB600CE86DC /* CaptureFlowHostView.swift in Sources */ = {isa = PBXBuildFile; fileRef = D6CDC1EF2F931BB600CE86DC /* CaptureFlowHostView.swift */; };
		D6CDC21C2F931BB600CE86DC /* RecordDetailView.swift in Sources */ = {isa = PBXBuildFile; fileRef = D6CDC1F32F931BB600CE86DC /* RecordDetailView.swift */; };
/* End PBXBuildFile section */

/* Begin PBXFileReference section */
		D6C2C9742F933A8E00AEB227 /* RecordModel.xcdatamodel */ = {isa = PBXFileReference; lastKnownFileType = wrapper.xcdatamodel; path = RecordModel.xcdatamodel; sourceTree = "<group>"; };
		D6CDC1EC2F931BB600CE86DC /* RecordJacketCatalogApp.swift */ = {isa = PBXFileReference; lastKnownFileType = sourcecode.swift; path = RecordJacketCatalogApp.swift; sourceTree = "<group>"; };
		D6CDC1ED2F931BB600CE86DC /* RootTabView.swift */ = {isa = PBXFileReference; lastKnownFileType = sourcecode.swift; path = RootTabView.swift; sourceTree = "<group>"; };
		D6CDC1EF2F931BB600CE86DC /* CaptureFlowHostView.swift */ = {isa = PBXFileReference; lastKnownFileType = sourcecode.swift; path = CaptureFlowHostView.swift; sourceTree = "<group>"; };
		D6CDC1F02F931BB600CE86DC /* CaptureView.swift */ = {isa = PBXFileReference; lastKnownFileType = sourcecode.swift; path = CaptureView.swift; sourceTree = "<group>"; };
		D6CDC1F12F931BB600CE86DC /* CaptureViewModel.swift */ = {isa = PBXFileReference; lastKnownFileType = sourcecode.swift; path = CaptureViewModel.swift; sourceTree = "<group>"; };
		D6CDC1F32F931BB600CE86DC /* RecordDetailView.swift */ = {isa = PBXFileReference; lastKnownFileType = sourcecode.swift; path = RecordDetailView.swift; sourceTree = "<group>"; };
		D6CDC1F42F931BB600CE86DC /* SavedRecordsListView.swift */ = {isa = PBXFileReference; lastKnownFileType = sourcecode.swift; path = SavedRecordsListView.swift; sourceTree = "<group>"; };
		D6CDC1F52F931BB600CE86DC /* SavedRecordsListViewModel.swift */ = {isa = PBXFileReference; lastKnownFileType = sourcecode.swift; path = SavedRecordsListViewModel.swift; sourceTree = "<group>"; };
		D6CDC1F72F931BB600CE86DC /* ReviewEditView.swift */ = {isa = PBXFileReference; lastKnownFileType = sourcecode.swift; path = ReviewEditView.swift; sourceTree = "<group>"; };
		D6CDC1F82F931BB600CE86DC /* ReviewEditViewModel.swift */ = {isa = PBXFileReference; lastKnownFileType = sourcecode.swift; path = ReviewEditViewModel.swift; sourceTree = "<group>"; };
		D6CDC1FB2F931BB600CE86DC /* RecordModels.swift */ = {isa = PBXFileReference; lastKnownFileType = sourcecode.swift; path = RecordModels.swift; sourceTree = "<group>"; };
		D6CDC1FC2F931BB600CE86DC /* ReviewSession.swift */ = {isa = PBXFileReference; lastKnownFileType = sourcecode.swift; path = ReviewSession.swift; sourceTree = "<group>"; };
		D6CDC1FE2F931BB600CE86DC /* CoreDataStack.swift */ = {isa = PBXFileReference; lastKnownFileType = sourcecode.swift; path = CoreDataStack.swift; sourceTree = "<group>"; };
		D6CDC1FF2F931BB600CE86DC /* RecordRepository.swift */ = {isa = PBXFileReference; lastKnownFileType = sourcecode.swift; path = RecordRepository.swift; sourceTree = "<group>"; };
		D6CDC2012F931BB600CE86DC /* CameraService.swift */ = {isa = PBXFileReference; lastKnownFileType = sourcecode.swift; path = CameraService.swift; sourceTree = "<group>"; };
		D6CDC2032F931BB600CE86DC /* DiscogsLookupService.swift */ = {isa = PBXFileReference; lastKnownFileType = sourcecode.swift; path = DiscogsLookupService.swift; sourceTree = "<group>"; };
		D6CDC2052F931BB600CE86DC /* OCRService.swift */ = {isa = PBXFileReference; lastKnownFileType = sourcecode.swift; path = OCRService.swift; sourceTree = "<group>"; };
		D6CDC2082F931BB600CE86DC /* AppLogger.swift */ = {isa = PBXFileReference; lastKnownFileType = sourcecode.swift; path = AppLogger.swift; sourceTree = "<group>"; };
		D6F2EAA22F93259E00C09264 /* Record Catalog.app */ = {isa = PBXFileReference; explicitFileType = wrapper.application; includeInIndex = 0; path = "Record Catalog.app"; sourceTree = BUILT_PRODUCTS_DIR; };
/* End PBXFileReference section */

/* Begin PBXFrameworksBuildPhase section */
		D6CDC1D62F931A6A00CE86DC /* Frameworks */ = {
			isa = PBXFrameworksBuildPhase;
			buildActionMask = 2147483647;
			files = (
			);
			runOnlyForDeploymentPostprocessing = 0;
		};
/* End PBXFrameworksBuildPhase section */

/* Begin PBXGroup section */
		D6CDC1D02F931A6A00CE86DC = {
			isa = PBXGroup;
			children = (
				D6C2C9732F933A8E00AEB227 /* RecordModel.xcdatamodeld */,
				D6CDC20A2F931BB600CE86DC /* RecordJacketCatalog */,
				D6F2EAA22F93259E00C09264 /* Record Catalog.app */,
			);
			sourceTree = "<group>";
		};
		D6CDC1EE2F931BB600CE86DC /* App */ = {
			isa = PBXGroup;
			children = (
				D6CDC1EC2F931BB600CE86DC /* RecordJacketCatalogApp.swift */,
				D6CDC1ED2F931BB600CE86DC /* RootTabView.swift */,
			);
			path = App;
			sourceTree = "<group>";
		};
		D6CDC1F22F931BB600CE86DC /* Capture */ = {
			isa = PBXGroup;
			children = (
				D6CDC1EF2F931BB600CE86DC /* CaptureFlowHostView.swift */,
				D6CDC1F02F931BB600CE86DC /* CaptureView.swift */,
				D6CDC1F12F931BB600CE86DC /* CaptureViewModel.swift */,
			);
			path = Capture;
			sourceTree = "<group>";
		};
		D6CDC1F62F931BB600CE86DC /* Records */ = {
			isa = PBXGroup;
			children = (
				D6CDC1F32F931BB600CE86DC /* RecordDetailView.swift */,
				D6CDC1F42F931BB600CE86DC /* SavedRecordsListView.swift */,
				D6CDC1F52F931BB600CE86DC /* SavedRecordsListViewModel.swift */,
			);
			path = Records;
			sourceTree = "<group>";
		};
		D6CDC1F92F931BB600CE86DC /* Review */ = {
			isa = PBXGroup;
			children = (
				D6CDC1F72F931BB600CE86DC /* ReviewEditView.swift */,
				D6CDC1F82F931BB600CE86DC /* ReviewEditViewModel.swift */,
			);
			path = Review;
			sourceTree = "<group>";
		};
		D6CDC1FA2F931BB600CE86DC /* Features */ = {
			isa = PBXGroup;
			children = (
				D6CDC1F22F931BB600CE86DC /* Capture */,
				D6CDC1F62F931BB600CE86DC /* Records */,
				D6CDC1F92F931BB600CE86DC /* Review */,
			);
			path = Features;
			sourceTree = "<group>";
		};
		D6CDC1FD2F931BB600CE86DC /* Models */ = {
			isa = PBXGroup;
			children = (
				D6CDC1FB2F931BB600CE86DC /* RecordModels.swift */,
				D6CDC1FC2F931BB600CE86DC /* ReviewSession.swift */,
			);
			path = Models;
			sourceTree = "<group>";
		};
		D6CDC2002F931BB600CE86DC /* Persistence */ = {
			isa = PBXGroup;
			children = (
				D6CDC1FE2F931BB600CE86DC /* CoreDataStack.swift */,
				D6CDC1FF2F931BB600CE86DC /* RecordRepository.swift */,
			);
			path = Persistence;
			sourceTree = "<group>";
		};
		D6CDC2022F931BB600CE86DC /* Camera */ = {
			isa = PBXGroup;
			children = (
				D6CDC2012F931BB600CE86DC /* CameraService.swift */,
			);
			path = Camera;
			sourceTree = "<group>";
		};
		D6CDC2042F931BB600CE86DC /* Lookup */ = {
			isa = PBXGroup;
			children = (
				D6CDC2032F931BB600CE86DC /* DiscogsLookupService.swift */,
			);
			path = Lookup;
			sourceTree = "<group>";
		};
		D6CDC2062F931BB600CE86DC /* OCR */ = {
			isa = PBXGroup;
			children = (
				D6CDC2052F931BB600CE86DC /* OCRService.swift */,
			);
			path = OCR;
			sourceTree = "<group>";
		};
		D6CDC2072F931BB600CE86DC /* Services */ = {
			isa = PBXGroup;
			children = (
				D6CDC2022F931BB600CE86DC /* Camera */,
				D6CDC2042F931BB600CE86DC /* Lookup */,
				D6CDC2062F931BB600CE86DC /* OCR */,
			);
			path = Services;
			sourceTree = "<group>";
		};
		D6CDC2092F931BB600CE86DC /* Utilities */ = {
			isa = PBXGroup;
			children = (
				D6CDC2082F931BB600CE86DC /* AppLogger.swift */,
			);
			path = Utilities;
			sourceTree = "<group>";
		};
		D6CDC20A2F931BB600CE86DC /* RecordJacketCatalog */ = {
			isa = PBXGroup;
			children = (
				D6CDC1EE2F931BB600CE86DC /* App */,
				D6CDC1FA2F931BB600CE86DC /* Features */,
				D6CDC1FD2F931BB600CE86DC /* Models */,
				D6CDC2002F931BB600CE86DC /* Persistence */,
				D6CDC2072F931BB600CE86DC /* Services */,
				D6CDC2092F931BB600CE86DC /* Utilities */,
			);
			path = RecordJacketCatalog;
			sourceTree = "<group>";
		};
/* End PBXGroup section */

/* Begin PBXNativeTarget section */
		D6CDC1D82F931A6A00CE86DC /* Record Catalog */ = {
			isa = PBXNativeTarget;
			buildConfigurationList = D6CDC1E92F931A6B00CE86DC /* Build configuration list for PBXNativeTarget "Record Catalog" */;
			buildPhases = (
				D6CDC1D52F931A6A00CE86DC /* Sources */,
				D6CDC1D62F931A6A00CE86DC /* Frameworks */,
				D6CDC1D72F931A6A00CE86DC /* Resources */,
			);
			buildRules = (
			);
			dependencies = (
			);
			name = "Record Catalog";
			packageProductDependencies = (
			);
			productName = "Record Catalog";
			productReference = D6F2EAA22F93259E00C09264 /* Record Catalog.app */;
			productType = "com.apple.product-type.application";
		};
/* End PBXNativeTarget section */

/* Begin PBXProject section */
		D6CDC1D12F931A6A00CE86DC /* Project object */ = {
			isa = PBXProject;
			attributes = {
				BuildIndependentTargetsInParallel = 1;
				LastSwiftUpdateCheck = 2640;
				LastUpgradeCheck = 2640;
				TargetAttributes = {
					D6CDC1D82F931A6A00CE86DC = {
						CreatedOnToolsVersion = 26.4.1;
					};
				};
			};
			buildConfigurationList = D6CDC1D42F931A6A00CE86DC /* Build configuration list for PBXProject "Record Catalog" */;
			developmentRegion = en;
			hasScannedForEncodings = 0;
			knownRegions = (
				en,
				Base,
			);
			mainGroup = D6CDC1D02F931A6A00CE86DC;
			minimizedProjectReferenceProxies = 1;
			preferredProjectObjectVersion = 77;
			productRefGroup = D6CDC1D02F931A6A00CE86DC;
			projectDirPath = "";
			projectRoot = "";
			targets = (
				D6CDC1D82F931A6A00CE86DC /* Record Catalog */,
			);
		};
/* End PBXProject section */

/* Begin PBXResourcesBuildPhase section */
		D6CDC1D72F931A6A00CE86DC /* Resources */ = {
			isa = PBXResourcesBuildPhase;
			buildActionMask = 2147483647;
			files = (
			);
			runOnlyForDeploymentPostprocessing = 0;
		};
/* End PBXResourcesBuildPhase section */

/* Begin PBXSourcesBuildPhase section */
		D6CDC1D52F931A6A00CE86DC /* Sources */ = {
			isa = PBXSourcesBuildPhase;
			buildActionMask = 2147483647;
			files = (
				D6CDC20B2F931BB600CE86DC /* ReviewSession.swift in Sources */,
				D6CDC20C2F931BB600CE86DC /* ReviewEditViewModel.swift in Sources */,
				D6CDC20D2F931BB600CE86DC /* SavedRecordsListViewModel.swift in Sources */,
				D6CDC20E2F931BB600CE86DC /* RecordModels.swift in Sources */,
				D6CDC20F2F931BB600CE86DC /* CoreDataStack.swift in Sources */,
				D6CDC2102F931BB600CE86DC /* RecordRepository.swift in Sources */,
				D6CDC2112F931BB600CE86DC /* AppLogger.swift in Sources */,
				D6CDC2122F931BB600CE86DC /* CaptureView.swift in Sources */,
				D6CDC2132F931BB600CE86DC /* RecordJacketCatalogApp.swift in Sources */,
				D6CDC2142F931BB600CE86DC /* DiscogsLookupService.swift in Sources */,
				D6CDC2152F931BB600CE86DC /* CaptureViewModel.swift in Sources */,
				D6CDC2162F931BB600CE86DC /* ReviewEditView.swift in Sources */,
				D6CDC2172F931BB600CE86DC /* OCRService.swift in Sources */,
				D6CDC2182F931BB600CE86DC /* SavedRecordsListView.swift in Sources */,
				D6CDC2192F931BB600CE86DC /* RootTabView.swift in Sources */,
				D6CDC21A2F931BB600CE86DC /* CameraService.swift in Sources */,
				D6CDC21B2F931BB600CE86DC /* CaptureFlowHostView.swift in Sources */,
				D6CDC21C2F931BB600CE86DC /* RecordDetailView.swift in Sources */,
			);
			runOnlyForDeploymentPostprocessing = 0;
		};
/* End PBXSourcesBuildPhase section */

/* Begin XCBuildConfiguration section */
		D6CDC1E72F931A6B00CE86DC /* Debug */ = {
			isa = XCBuildConfiguration;
			buildSettings = {
				ALWAYS_SEARCH_USER_PATHS = NO;
				ASSETCATALOG_COMPILER_GENERATE_SWIFT_ASSET_SYMBOL_EXTENSIONS = YES;
				CLANG_ANALYZER_NONNULL = YES;
				CLANG_ANALYZER_NUMBER_OBJECT_CONVERSION = YES_AGGRESSIVE;
				CLANG_CXX_LANGUAGE_STANDARD = "gnu++20";
				CLANG_ENABLE_MODULES = YES;
				CLANG_ENABLE_OBJC_ARC = YES;
				CLANG_ENABLE_OBJC_WEAK = YES;
				CLANG_WARN_BLOCK_CAPTURE_AUTORELEASING = YES;
				CLANG_WARN_BOOL_CONVERSION = YES;
				CLANG_WARN_COMMA = YES;
				CLANG_WARN_CONSTANT_CONVERSION = YES;
				CLANG_WARN_DEPRECATED_OBJC_IMPLEMENTATIONS = YES;
				CLANG_WARN_DIRECT_OBJC_ISA_USAGE = YES_ERROR;
				CLANG_WARN_DOCUMENTATION_COMMENTS = YES;
				CLANG_WARN_EMPTY_BODY = YES;
				CLANG_WARN_ENUM_CONVERSION = YES;
				CLANG_WARN_INFINITE_RECURSION = YES;
				CLANG_WARN_INT_CONVERSION = YES;
				CLANG_WARN_NON_LITERAL_NULL_CONVERSION = YES;
				CLANG_WARN_OBJC_IMPLICIT_RETAIN_SELF = YES;
				CLANG_WARN_OBJC_LITERAL_CONVERSION = YES;
				CLANG_WARN_OBJC_ROOT_CLASS = YES_ERROR;
				CLANG_WARN_QUOTED_INCLUDE_IN_FRAMEWORK_HEADER = YES;
				CLANG_WARN_RANGE_LOOP_ANALYSIS = YES;
				CLANG_WARN_STRICT_PROTOTYPES = YES;
				CLANG_WARN_SUSPICIOUS_MOVE = YES;
				CLANG_WARN_UNGUARDED_AVAILABILITY = YES_AGGRESSIVE;
				CLANG_WARN_UNREACHABLE_CODE = YES;
				CLANG_WARN__DUPLICATE_METHOD_MATCH = YES;
				COPY_PHASE_STRIP = NO;
				DEBUG_INFORMATION_FORMAT = dwarf;
				DEVELOPMENT_TEAM = F4ZZZ26YAR;
				ENABLE_STRICT_OBJC_MSGSEND = YES;
				ENABLE_TESTABILITY = YES;
				ENABLE_USER_SCRIPT_SANDBOXING = YES;
				GCC_C_LANGUAGE_STANDARD = gnu17;
				GCC_DYNAMIC_NO_PIC = NO;
				GCC_NO_COMMON_BLOCKS = YES;
				GCC_OPTIMIZATION_LEVEL = 0;
				GCC_PREPROCESSOR_DEFINITIONS = (
					"DEBUG=1",
					"$(inherited)",
				);
				GCC_WARN_64_TO_32_BIT_CONVERSION = YES;
				GCC_WARN_ABOUT_RETURN_TYPE = YES_ERROR;
				GCC_WARN_UNDECLARED_SELECTOR = YES;
				GCC_WARN_UNINITIALIZED_AUTOS = YES_AGGRESSIVE;
				GCC_WARN_UNUSED_FUNCTION = YES;
				GCC_WARN_UNUSED_VARIABLE = YES;
				IPHONEOS_DEPLOYMENT_TARGET = 26.4;
				LOCALIZATION_PREFERS_STRING_CATALOGS = YES;
				MTL_ENABLE_DEBUG_INFO = INCLUDE_SOURCE;
				MTL_FAST_MATH = YES;
				ONLY_ACTIVE_ARCH = YES;
				SDKROOT = iphoneos;
				SWIFT_ACTIVE_COMPILATION_CONDITIONS = "DEBUG $(inherited)";
				SWIFT_OPTIMIZATION_LEVEL = "-Onone";
			};
			name = Debug;
		};
		D6CDC1E82F931A6B00CE86DC /* Release */ = {
			isa = XCBuildConfiguration;
			buildSettings = {
				ALWAYS_SEARCH_USER_PATHS = NO;
				ASSETCATALOG_COMPILER_GENERATE_SWIFT_ASSET_SYMBOL_EXTENSIONS = YES;
				CLANG_ANALYZER_NONNULL = YES;
				CLANG_ANALYZER_NUMBER_OBJECT_CONVERSION = YES_AGGRESSIVE;
				CLANG_CXX_LANGUAGE_STANDARD = "gnu++20";
				CLANG_ENABLE_MODULES = YES;
				CLANG_ENABLE_OBJC_ARC = YES;
				CLANG_ENABLE_OBJC_WEAK = YES;
				CLANG_WARN_BLOCK_CAPTURE_AUTORELEASING = YES;
				CLANG_WARN_BOOL_CONVERSION = YES;
				CLANG_WARN_COMMA = YES;
				CLANG_WARN_CONSTANT_CONVERSION = YES;
				CLANG_WARN_DEPRECATED_OBJC_IMPLEMENTATIONS = YES;
				CLANG_WARN_DIRECT_OBJC_ISA_USAGE = YES_ERROR;
				CLANG_WARN_DOCUMENTATION_COMMENTS = YES;
				CLANG_WARN_EMPTY_BODY = YES;
				CLANG_WARN_ENUM_CONVERSION = YES;
				CLANG_WARN_INFINITE_RECURSION = YES;
				CLANG_WARN_INT_CONVERSION = YES;
				CLANG_WARN_NON_LITERAL_NULL_CONVERSION = YES;
				CLANG_WARN_OBJC_IMPLICIT_RETAIN_SELF = YES;
				CLANG_WARN_OBJC_LITERAL_CONVERSION = YES;
				CLANG_WARN_OBJC_ROOT_CLASS = YES_ERROR;
				CLANG_WARN_QUOTED_INCLUDE_IN_FRAMEWORK_HEADER = YES;
				CLANG_WARN_RANGE_LOOP_ANALYSIS = YES;
				CLANG_WARN_STRICT_PROTOTYPES = YES;
				CLANG_WARN_SUSPICIOUS_MOVE = YES;
				CLANG_WARN_UNGUARDED_AVAILABILITY = YES_AGGRESSIVE;
				CLANG_WARN_UNREACHABLE_CODE = YES;
				CLANG_WARN__DUPLICATE_METHOD_MATCH = YES;
				COPY_PHASE_STRIP = NO;
				DEBUG_INFORMATION_FORMAT = "dwarf-with-dsym";
				DEVELOPMENT_TEAM = F4ZZZ26YAR;
				ENABLE_NS_ASSERTIONS = NO;
				ENABLE_STRICT_OBJC_MSGSEND = YES;
				ENABLE_USER_SCRIPT_SANDBOXING = YES;
				GCC_C_LANGUAGE_STANDARD = gnu17;
				GCC_NO_COMMON_BLOCKS = YES;
				GCC_WARN_64_TO_32_BIT_CONVERSION = YES;
				GCC_WARN_ABOUT_RETURN_TYPE = YES_ERROR;
				GCC_WARN_UNDECLARED_SELECTOR = YES;
				GCC_WARN_UNINITIALIZED_AUTOS = YES_AGGRESSIVE;
				GCC_WARN_UNUSED_FUNCTION = YES;
				GCC_WARN_UNUSED_VARIABLE = YES;
				IPHONEOS_DEPLOYMENT_TARGET = 26.4;
				LOCALIZATION_PREFERS_STRING_CATALOGS = YES;
				MTL_ENABLE_DEBUG_INFO = NO;
				MTL_FAST_MATH = YES;
				SDKROOT = iphoneos;
				SWIFT_COMPILATION_MODE = wholemodule;
				VALIDATE_PRODUCT = YES;
			};
			name = Release;
		};
		D6CDC1EA2F931A6B00CE86DC /* Debug */ = {
			isa = XCBuildConfiguration;
			buildSettings = {
				ASSETCATALOG_COMPILER_APPICON_NAME = AppIcon;
				ASSETCATALOG_COMPILER_GLOBAL_ACCENT_COLOR_NAME = AccentColor;
				CODE_SIGN_STYLE = Automatic;
				CURRENT_PROJECT_VERSION = 1;
				DEVELOPMENT_TEAM = F4ZZZ26YAR;
				ENABLE_PREVIEWS = YES;
				GENERATE_INFOPLIST_FILE = YES;
				INFOPLIST_KEY_NSCameraUsageDescription = "Camera is required to scan record jackets";
				INFOPLIST_KEY_UIApplicationSceneManifest_Generation = YES;
				INFOPLIST_KEY_UIApplicationSupportsIndirectInputEvents = YES;
				INFOPLIST_KEY_UILaunchScreen_Generation = YES;
				INFOPLIST_KEY_UISupportedInterfaceOrientations_iPad = "UIInterfaceOrientationPortrait UIInterfaceOrientationPortraitUpsideDown UIInterfaceOrientationLandscapeLeft UIInterfaceOrientationLandscapeRight";
				INFOPLIST_KEY_UISupportedInterfaceOrientations_iPhone = "UIInterfaceOrientationPortrait UIInterfaceOrientationLandscapeLeft UIInterfaceOrientationLandscapeRight";
				LD_RUNPATH_SEARCH_PATHS = (
					"$(inherited)",
					"@executable_path/Frameworks",
				);
				MARKETING_VERSION = 1.0;
				PRODUCT_BUNDLE_IDENTIFIER = "unchitaka.Record-Catalog";
				PRODUCT_NAME = "$(TARGET_NAME)";
				STRING_CATALOG_GENERATE_SYMBOLS = YES;
				SWIFT_APPROACHABLE_CONCURRENCY = YES;
				SWIFT_DEFAULT_ACTOR_ISOLATION = MainActor;
				SWIFT_EMIT_LOC_STRINGS = YES;
				SWIFT_UPCOMING_FEATURE_MEMBER_IMPORT_VISIBILITY = YES;
				SWIFT_VERSION = 5.0;
				TARGETED_DEVICE_FAMILY = "1,2";
			};
			name = Debug;
		};
		D6CDC1EB2F931A6B00CE86DC /* Release */ = {
			isa = XCBuildConfiguration;
			buildSettings = {
				ASSETCATALOG_COMPILER_APPICON_NAME = AppIcon;
				ASSETCATALOG_COMPILER_GLOBAL_ACCENT_COLOR_NAME = AccentColor;
				CODE_SIGN_STYLE = Automatic;
				CURRENT_PROJECT_VERSION = 1;
				DEVELOPMENT_TEAM = F4ZZZ26YAR;
				ENABLE_PREVIEWS = YES;
				GENERATE_INFOPLIST_FILE = YES;
				INFOPLIST_KEY_NSCameraUsageDescription = "Camera is required to scan record jackets";
				INFOPLIST_KEY_UIApplicationSceneManifest_Generation = YES;
				INFOPLIST_KEY_UIApplicationSupportsIndirectInputEvents = YES;
				INFOPLIST_KEY_UILaunchScreen_Generation = YES;
				INFOPLIST_KEY_UISupportedInterfaceOrientations_iPad = "UIInterfaceOrientationPortrait UIInterfaceOrientationPortraitUpsideDown UIInterfaceOrientationLandscapeLeft UIInterfaceOrientationLandscapeRight";
				INFOPLIST_KEY_UISupportedInterfaceOrientations_iPhone = "UIInterfaceOrientationPortrait UIInterfaceOrientationLandscapeLeft UIInterfaceOrientationLandscapeRight";
				LD_RUNPATH_SEARCH_PATHS = (
					"$(inherited)",
					"@executable_path/Frameworks",
				);
				MARKETING_VERSION = 1.0;
				PRODUCT_BUNDLE_IDENTIFIER = "unchitaka.Record-Catalog";
				PRODUCT_NAME = "$(TARGET_NAME)";
				STRING_CATALOG_GENERATE_SYMBOLS = YES;
				SWIFT_APPROACHABLE_CONCURRENCY = YES;
				SWIFT_DEFAULT_ACTOR_ISOLATION = MainActor;
				SWIFT_EMIT_LOC_STRINGS = YES;
				SWIFT_UPCOMING_FEATURE_MEMBER_IMPORT_VISIBILITY = YES;
				SWIFT_VERSION = 5.0;
				TARGETED_DEVICE_FAMILY = "1,2";
			};
			name = Release;
		};
/* End XCBuildConfiguration section */

/* Begin XCConfigurationList section */
		D6CDC1D42F931A6A00CE86DC /* Build configuration list for PBXProject "Record Catalog" */ = {
			isa = XCConfigurationList;
			buildConfigurations = (
				D6CDC1E72F931A6B00CE86DC /* Debug */,
				D6CDC1E82F931A6B00CE86DC /* Release */,
			);
			defaultConfigurationIsVisible = 0;
			defaultConfigurationName = Release;
		};
		D6CDC1E92F931A6B00CE86DC /* Build configuration list for PBXNativeTarget "Record Catalog" */ = {
			isa = XCConfigurationList;
			buildConfigurations = (
				D6CDC1EA2F931A6B00CE86DC /* Debug */,
				D6CDC1EB2F931A6B00CE86DC /* Release */,
			);
			defaultConfigurationIsVisible = 0;
			defaultConfigurationName = Release;
		};
/* End XCConfigurationList section */

/* Begin XCVersionGroup section */
		D6C2C9732F933A8E00AEB227 /* RecordModel.xcdatamodeld */ = {
			isa = XCVersionGroup;
			children = (
				D6C2C9742F933A8E00AEB227 /* RecordModel.xcdatamodel */,
			);
			currentVersion = D6C2C9742F933A8E00AEB227 /* RecordModel.xcdatamodel */;
			path = RecordModel.xcdatamodeld;
			sourceTree = "<group>";
			versionGroupType = wrapper.xcdatamodel;
		};
/* End XCVersionGroup section */
	};
	rootObject = D6CDC1D12F931A6A00CE86DC /* Project object */;
}
